// !$*UTF8*$!
{
	archiveVersion = 1;
	classes = {
	};
	objectVersion = 50;
	objects = {

/* Begin PBXBuildFile section */
		39351D372548F874004EA743 /* hundred_days_of_swift_twostrawsApp.swift in Sources */ = {isa = PBXBuildFile; fileRef = 39351D362548F874004EA743 /* hundred_days_of_swift_twostrawsApp.swift */; };
		39351D392548F874004EA743 /* ContentView.swift in Sources */ = {isa = PBXBuildFile; fileRef = 39351D382548F874004EA743 /* ContentView.swift */; };
		39351D3B2548F878004EA743 /* Assets.xcassets in Resources */ = {isa = PBXBuildFile; fileRef = 39351D3A2548F878004EA743 /* Assets.xcassets */; };
		39351D3E2548F878004EA743 /* Preview Assets.xcassets in Resources */ = {isa = PBXBuildFile; fileRef = 39351D3D2548F878004EA743 /* Preview Assets.xcassets */; };
/* End PBXBuildFile section */

/* Begin PBXFileReference section */
		39351D332548F874004EA743 /* hundred-days-of-swift-twostraws.app */ = {isa = PBXFileReference; explicitFileType = wrapper.application; includeInIndex = 0; path = "hundred-days-of-swift-twostraws.app"; sourceTree = BUILT_PRODUCTS_DIR; };
		39351D362548F874004EA743 /* hundred_days_of_swift_twostrawsApp.swift */ = {isa = PBXFileReference; lastKnownFileType = sourcecode.swift; path = hundred_days_of_swift_twostrawsApp.swift; sourceTree = "<group>"; };
		39351D382548F874004EA743 /* ContentView.swift */ = {isa = PBXFileReference; lastKnownFileType = sourcecode.swift; path = ContentView.swift; sourceTree = "<group>"; };
		39351D3A2548F878004EA743 /* Assets.xcassets */ = {isa = PBXFileReference; lastKnownFileType = folder.assetcatalog; path = Assets.xcassets; sourceTree = "<group>"; };
		39351D3D2548F878004EA743 /* Preview Assets.xcassets */ = {isa = PBXFileReference; lastKnownFileType = folder.assetcatalog; path = "Preview Assets.xcassets"; sourceTree = "<group>"; };
		39351D3F2548F878004EA743 /* Info.plist */ = {isa = PBXFileReference; lastKnownFileType = text.plist.xml; path = Info.plist; sourceTree = "<group>"; };
		39351D4C2548F989004EA743 /* Variables.playground */ = {isa = PBXFileReference; lastKnownFileType = file.playground; path = Variables.playground; sourceTree = "<group>"; xcLanguageSpecificationIdentifier = xcode.lang.swift; };
		39351D4E2548FA4F004EA743 /* StringsAndInteger.playground */ = {isa = PBXFileReference; lastKnownFileType = file.playground; path = StringsAndInteger.playground; sourceTree = "<group>"; xcLanguageSpecificationIdentifier = xcode.lang.swift; };
		39351D502548FAC3004EA743 /* MultilineStrings.playground */ = {isa = PBXFileReference; lastKnownFileType = file.playground; path = MultilineStrings.playground; sourceTree = "<group>"; xcLanguageSpecificationIdentifier = xcode.lang.swift; };
/* End PBXFileReference section */

/* Begin PBXFrameworksBuildPhase section */
		39351D302548F874004EA743 /* Frameworks */ = {
			isa = PBXFrameworksBuildPhase;
			buildActionMask = 2147483647;
			files = (
			);
			runOnlyForDeploymentPostprocessing = 0;
		};
/* End PBXFrameworksBuildPhase section */

/* Begin PBXGroup section */
		39351D2A2548F874004EA743 = {
			isa = PBXGroup;
			children = (
				39351D352548F874004EA743 /* hundred-days-of-swift-twostraws */,
				39351D342548F874004EA743 /* Products */,
			);
			sourceTree = "<group>";
		};
		39351D342548F874004EA743 /* Products */ = {
			isa = PBXGroup;
			children = (
				39351D332548F874004EA743 /* hundred-days-of-swift-twostraws.app */,
			);
			name = Products;
			sourceTree = "<group>";
		};
		39351D352548F874004EA743 /* hundred-days-of-swift-twostraws */ = {
			isa = PBXGroup;
			children = (
				39351D462548F8DF004EA743 /* Part1 */,
				39351D362548F874004EA743 /* hundred_days_of_swift_twostrawsApp.swift */,
				39351D382548F874004EA743 /* ContentView.swift */,
				39351D3A2548F878004EA743 /* Assets.xcassets */,
				39351D3F2548F878004EA743 /* Info.plist */,
				39351D3C2548F878004EA743 /* Preview Content */,
			);
			path = "hundred-days-of-swift-twostraws";
			sourceTree = "<group>";
		};
		39351D3C2548F878004EA743 /* Preview Content */ = {
			isa = PBXGroup;
			children = (
				39351D3D2548F878004EA743 /* Preview Assets.xcassets */,
			);
			path = "Preview Content";
			sourceTree = "<group>";
		};
		39351D462548F8DF004EA743 /* Part1 */ = {
			isa = PBXGroup;
			children = (
				39351D472548F927004EA743 /* Day1 */,
			);
			path = Part1;
			sourceTree = "<group>";
		};
		39351D472548F927004EA743 /* Day1 */ = {
			isa = PBXGroup;
			children = (
				39351D4C2548F989004EA743 /* Variables.playground */,
				39351D4E2548FA4F004EA743 /* StringsAndInteger.playground */,
				39351D502548FAC3004EA743 /* MultilineStrings.playground */,
			);
			path = Day1;
			sourceTree = "<group>";
		};
/* End PBXGroup section */

/* Begin PBXNativeTarget section */
		39351D322548F874004EA743 /* hundred-days-of-swift-twostraws */ = {
			isa = PBXNativeTarget;
			buildConfigurationList = 39351D422548F878004EA743 /* Build configuration list for PBXNativeTarget "hundred-days-of-swift-twostraws" */;
			buildPhases = (
				39351D2F2548F874004EA743 /* Sources */,
				39351D302548F874004EA743 /* Frameworks */,
				39351D312548F874004EA743 /* Resources */,
			);
			buildRules = (
			);
			dependencies = (
			);
			name = "hundred-days-of-swift-twostraws";
			productName = "hundred-days-of-swift-twostraws";
			productReference = 39351D332548F874004EA743 /* hundred-days-of-swift-twostraws.app */;
			productType = "com.apple.product-type.application";
		};
/* End PBXNativeTarget section */

/* Begin PBXProject section */
		39351D2B2548F874004EA743 /* Project object */ = {
			isa = PBXProject;
			attributes = {
				LastSwiftUpdateCheck = 1200;
				LastUpgradeCheck = 1200;
				TargetAttributes = {
					39351D322548F874004EA743 = {
						CreatedOnToolsVersion = 12.0;
					};
				};
			};
			buildConfigurationList = 39351D2E2548F874004EA743 /* Build configuration list for PBXProject "hundred-days-of-swift-twostraws" */;
			compatibilityVersion = "Xcode 9.3";
			developmentRegion = en;
			hasScannedForEncodings = 0;
			knownRegions = (
				en,
				Base,
			);
			mainGroup = 39351D2A2548F874004EA743;
			productRefGroup = 39351D342548F874004EA743 /* Products */;
			projectDirPath = "";
			projectRoot = "";
			targets = (
				39351D322548F874004EA743 /* hundred-days-of-swift-twostraws */,
			);
		};
/* End PBXProject section */

/* Begin PBXResourcesBuildPhase section */
		39351D312548F874004EA743 /* Resources */ = {
			isa = PBXResourcesBuildPhase;
			buildActionMask = 2147483647;
			files = (
				39351D3E2548F878004EA743 /* Preview Assets.xcassets in Resources */,
				39351D3B2548F878004EA743 /* Assets.xcassets in Resources */,
			);
			runOnlyForDeploymentPostprocessing = 0;
		};
/* End PBXResourcesBuildPhase section */

/* Begin PBXSourcesBuildPhase section */
		39351D2F2548F874004EA743 /* Sources */ = {
			isa = PBXSourcesBuildPhase;
			buildActionMask = 2147483647;
			files = (
				39351D392548F874004EA743 /* ContentView.swift in Sources */,
				39351D372548F874004EA743 /* hundred_days_of_swift_twostrawsApp.swift in Sources */,
			);
			runOnlyForDeploymentPostprocessing = 0;
		};
/* End PBXSourcesBuildPhase section */

/* Begin XCBuildConfiguration section */
		39351D402548F878004EA743 /* Debug */ = {
			isa = XCBuildConfiguration;
			buildSettings = {
				ALWAYS_SEARCH_USER_PATHS = NO;
				CLANG_ANALYZER_NONNULL = YES;
				CLANG_ANALYZER_NUMBER_OBJECT_CONVERSION = YES_AGGRESSIVE;
				CLANG_CXX_LANGUAGE_STANDARD = "gnu++14";
				CLANG_CXX_LIBRARY = "libc++";
				CLANG_ENABLE_MODULES = YES;
				CLANG_ENABLE_OBJC_ARC = YES;
				CLANG_ENABLE_OBJC_WEAK = YES;
				CLANG_WARN_BLOCK_CAPTURE_AUTORELEASING = YES;
				CLANG_WARN_BOOL_CONVERSION = YES;
				CLANG_WARN_COMMA = YES;
				CLANG_WARN_CONSTANT_CONVERSION = YES;
				CLANG_WARN_DEPRECATED_OBJC_IMPLEMENTATIONS = YES;
				CLANG_WARN_DIRECT_OBJC_ISA_USAGE = YES_ERROR;
				CLANG_WARN_DOCUMENTATION_COMMENTS = YES;
				CLANG_WARN_EMPTY_BODY = YES;
				CLANG_WARN_ENUM_CONVERSION = YES;
				CLANG_WARN_INFINITE_RECURSION = YES;
				CLANG_WARN_INT_CONVERSION = YES;
				CLANG_WARN_NON_LITERAL_NULL_CONVERSION = YES;
				CLANG_WARN_OBJC_IMPLICIT_RETAIN_SELF = YES;
				CLANG_WARN_OBJC_LITERAL_CONVERSION = YES;
				CLANG_WARN_OBJC_ROOT_CLASS = YES_ERROR;
				CLANG_WARN_QUOTED_INCLUDE_IN_FRAMEWORK_HEADER = YES;
				CLANG_WARN_RANGE_LOOP_ANALYSIS = YES;
				CLANG_WARN_STRICT_PROTOTYPES = YES;
				CLANG_WARN_SUSPICIOUS_MOVE = YES;
				CLANG_WARN_UNGUARDED_AVAILABILITY = YES_AGGRESSIVE;
				CLANG_WARN_UNREACHABLE_CODE = YES;
				CLANG_WARN__DUPLICATE_METHOD_MATCH = YES;
				COPY_PHASE_STRIP = NO;
				DEBUG_INFORMATION_FORMAT = dwarf;
				ENABLE_STRICT_OBJC_MSGSEND = YES;
				ENABLE_TESTABILITY = YES;
				GCC_C_LANGUAGE_STANDARD = gnu11;
				GCC_DYNAMIC_NO_PIC = NO;
				GCC_NO_COMMON_BLOCKS = YES;
				GCC_OPTIMIZATION_LEVEL = 0;
				GCC_PREPROCESSOR_DEFINITIONS = (
					"DEBUG=1",
					"$(inherited)",
				);
				GCC_WARN_64_TO_32_BIT_CONVERSION = YES;
				GCC_WARN_ABOUT_RETURN_TYPE = YES_ERROR;
				GCC_WARN_UNDECLARED_SELECTOR = YES;
				GCC_WARN_UNINITIALIZED_AUTOS = YES_AGGRESSIVE;
				GCC_WARN_UNUSED_FUNCTION = YES;
				GCC_WARN_UNUSED_VARIABLE = YES;
				IPHONEOS_DEPLOYMENT_TARGET = 14.0;
				MTL_ENABLE_DEBUG_INFO = INCLUDE_SOURCE;
				MTL_FAST_MATH = YES;
				ONLY_ACTIVE_ARCH = YES;
				SDKROOT = iphoneos;
				SWIFT_ACTIVE_COMPILATION_CONDITIONS = DEBUG;
				SWIFT_OPTIMIZATION_LEVEL = "-Onone";
			};
			name = Debug;
		};
		39351D412548F878004EA743 /* Release */ = {
			isa = XCBuildConfiguration;
			buildSettings = {
				ALWAYS_SEARCH_USER_PATHS = NO;
				CLANG_ANALYZER_NONNULL = YES;
				CLANG_ANALYZER_NUMBER_OBJECT_CONVERSION = YES_AGGRESSIVE;
				CLANG_CXX_LANGUAGE_STANDARD = "gnu++14";
				CLANG_CXX_LIBRARY = "libc++";
				CLANG_ENABLE_MODULES = YES;
				CLANG_ENABLE_OBJC_ARC = YES;
				CLANG_ENABLE_OBJC_WEAK = YES;
				CLANG_WARN_BLOCK_CAPTURE_AUTORELEASING = YES;
				CLANG_WARN_BOOL_CONVERSION = YES;
				CLANG_WARN_COMMA = YES;
				CLANG_WARN_CONSTANT_CONVERSION = YES;
				CLANG_WARN_DEPRECATED_OBJC_IMPLEMENTATIONS = YES;
				CLANG_WARN_DIRECT_OBJC_ISA_USAGE = YES_ERROR;
				CLANG_WARN_DOCUMENTATION_COMMENTS = YES;
				CLANG_WARN_EMPTY_BODY = YES;
				CLANG_WARN_ENUM_CONVERSION = YES;
				CLANG_WARN_INFINITE_RECURSION = YES;
				CLANG_WARN_INT_CONVERSION = YES;
				CLANG_WARN_NON_LITERAL_NULL_CONVERSION = YES;
				CLANG_WARN_OBJC_IMPLICIT_RETAIN_SELF = YES;
				CLANG_WARN_OBJC_LITERAL_CONVERSION = YES;
				CLANG_WARN_OBJC_ROOT_CLASS = YES_ERROR;
				CLANG_WARN_QUOTED_INCLUDE_IN_FRAMEWORK_HEADER = YES;
				CLANG_WARN_RANGE_LOOP_ANALYSIS = YES;
				CLANG_WARN_STRICT_PROTOTYPES = YES;
				CLANG_WARN_SUSPICIOUS_MOVE = YES;
				CLANG_WARN_UNGUARDED_AVAILABILITY = YES_AGGRESSIVE;
				CLANG_WARN_UNREACHABLE_CODE = YES;
				CLANG_WARN__DUPLICATE_METHOD_MATCH = YES;
				COPY_PHASE_STRIP = NO;
				DEBUG_INFORMATION_FORMAT = "dwarf-with-dsym";
				ENABLE_NS_ASSERTIONS = NO;
				ENABLE_STRICT_OBJC_MSGSEND = YES;
				GCC_C_LANGUAGE_STANDARD = gnu11;
				GCC_NO_COMMON_BLOCKS = YES;
				GCC_WARN_64_TO_32_BIT_CONVERSION = YES;
				GCC_WARN_ABOUT_RETURN_TYPE = YES_ERROR;
				GCC_WARN_UNDECLARED_SELECTOR = YES;
				GCC_WARN_UNINITIALIZED_AUTOS = YES_AGGRESSIVE;
				GCC_WARN_UNUSED_FUNCTION = YES;
				GCC_WARN_UNUSED_VARIABLE = YES;
				IPHONEOS_DEPLOYMENT_TARGET = 14.0;
				MTL_ENABLE_DEBUG_INFO = NO;
				MTL_FAST_MATH = YES;
				SDKROOT = iphoneos;
				SWIFT_COMPILATION_MODE = wholemodule;
				SWIFT_OPTIMIZATION_LEVEL = "-O";
				VALIDATE_PRODUCT = YES;
			};
			name = Release;
		};
		39351D432548F878004EA743 /* Debug */ = {
			isa = XCBuildConfiguration;
			buildSettings = {
				ASSETCATALOG_COMPILER_APPICON_NAME = AppIcon;
				ASSETCATALOG_COMPILER_GLOBAL_ACCENT_COLOR_NAME = AccentColor;
				CODE_SIGN_STYLE = Automatic;
				DEVELOPMENT_ASSET_PATHS = "\"hundred-days-of-swift-twostraws/Preview Content\"";
				DEVELOPMENT_TEAM = VB544QR8U9;
				ENABLE_PREVIEWS = YES;
				INFOPLIST_FILE = "hundred-days-of-swift-twostraws/Info.plist";
				IPHONEOS_DEPLOYMENT_TARGET = 14.0;
				LD_RUNPATH_SEARCH_PATHS = (
					"$(inherited)",
					"@executable_path/Frameworks",
				);
				PRODUCT_BUNDLE_IDENTIFIER = "com.asephavefun.hundred-days-of-swift-twostraws";
				PRODUCT_NAME = "$(TARGET_NAME)";
				SWIFT_VERSION = 5.0;
				TARGETED_DEVICE_FAMILY = "1,2";
			};
			name = Debug;
		};
		39351D442548F878004EA743 /* Release */ = {
			isa = XCBuildConfiguration;
			buildSettings = {
				ASSETCATALOG_COMPILER_APPICON_NAME = AppIcon;
				ASSETCATALOG_COMPILER_GLOBAL_ACCENT_COLOR_NAME = AccentColor;
				CODE_SIGN_STYLE = Automatic;
				DEVELOPMENT_ASSET_PATHS = "\"hundred-days-of-swift-twostraws/Preview Content\"";
				DEVELOPMENT_TEAM = VB544QR8U9;
				ENABLE_PREVIEWS = YES;
				INFOPLIST_FILE = "hundred-days-of-swift-twostraws/Info.plist";
				IPHONEOS_DEPLOYMENT_TARGET = 14.0;
				LD_RUNPATH_SEARCH_PATHS = (
					"$(inherited)",
					"@executable_path/Frameworks",
				);
				PRODUCT_BUNDLE_IDENTIFIER = "com.asephavefun.hundred-days-of-swift-twostraws";
				PRODUCT_NAME = "$(TARGET_NAME)";
				SWIFT_VERSION = 5.0;
				TARGETED_DEVICE_FAMILY = "1,2";
			};
			name = Release;
		};
/* End XCBuildConfiguration section */

/* Begin XCConfigurationList section */
		39351D2E2548F874004EA743 /* Build configuration list for PBXProject "hundred-days-of-swift-twostraws" */ = {
			isa = XCConfigurationList;
			buildConfigurations = (
				39351D402548F878004EA743 /* Debug */,
				39351D412548F878004EA743 /* Release */,
			);
			defaultConfigurationIsVisible = 0;
			defaultConfigurationName = Release;
		};
		39351D422548F878004EA743 /* Build configuration list for PBXNativeTarget "hundred-days-of-swift-twostraws" */ = {
			isa = XCConfigurationList;
			buildConfigurations = (
				39351D432548F878004EA743 /* Debug */,
				39351D442548F878004EA743 /* Release */,
			);
			defaultConfigurationIsVisible = 0;
			defaultConfigurationName = Release;
		};
/* End XCConfigurationList section */
	};
	rootObject = 39351D2B2548F874004EA743 /* Project object */;
}
